<<<<<<< Updated upstream
﻿
Microsoft Visual Studio Solution File, Format Version 12.00
# Visual Studio Version 17
VisualStudioVersion = 17.11.35208.52
MinimumVisualStudioVersion = 10.0.40219.1
Project("{FAE04EC0-301F-11D3-BF4B-00C04F79EFBC}") = "GroupProjectTesting", "GroupProjectTesting.csproj", "{A58A24D6-2170-4961-B5FB-8F30B1B1B0E8}"
EndProject
Global
	GlobalSection(SolutionConfigurationPlatforms) = preSolution
		Debug|Any CPU = Debug|Any CPU
		Release|Any CPU = Release|Any CPU
	EndGlobalSection
	GlobalSection(ProjectConfigurationPlatforms) = postSolution
		{A58A24D6-2170-4961-B5FB-8F30B1B1B0E8}.Debug|Any CPU.ActiveCfg = Debug|Any CPU
		{A58A24D6-2170-4961-B5FB-8F30B1B1B0E8}.Debug|Any CPU.Build.0 = Debug|Any CPU
		{A58A24D6-2170-4961-B5FB-8F30B1B1B0E8}.Release|Any CPU.ActiveCfg = Release|Any CPU
		{A58A24D6-2170-4961-B5FB-8F30B1B1B0E8}.Release|Any CPU.Build.0 = Release|Any CPU
	EndGlobalSection
	GlobalSection(SolutionProperties) = preSolution
		HideSolutionNode = FALSE
	EndGlobalSection
	GlobalSection(ExtensibilityGlobals) = postSolution
		SolutionGuid = {C81261A3-70EC-4F42-B5C1-7DBAAAF3EAAE}
	EndGlobalSection
EndGlobal
=======
﻿
Microsoft Visual Studio Solution File, Format Version 12.00
# Visual Studio Version 17
VisualStudioVersion = 17.11.35208.52
MinimumVisualStudioVersion = 10.0.40219.1
Project("{FAE04EC0-301F-11D3-BF4B-00C04F79EFBC}") = "GroupProjectTesting", "GroupProjectTesting.csproj", "{A58A24D6-2170-4961-B5FB-8F30B1B1B0E8}"
EndProject
Global
	GlobalSection(SolutionConfigurationPlatforms) = preSolution
		Debug|Any CPU = Debug|Any CPU
		Release|Any CPU = Release|Any CPU
	EndGlobalSection
	GlobalSection(ProjectConfigurationPlatforms) = postSolution
		{A58A24D6-2170-4961-B5FB-8F30B1B1B0E8}.Debug|Any CPU.ActiveCfg = Debug|Any CPU
		{A58A24D6-2170-4961-B5FB-8F30B1B1B0E8}.Debug|Any CPU.Build.0 = Debug|Any CPU
		{A58A24D6-2170-4961-B5FB-8F30B1B1B0E8}.Release|Any CPU.ActiveCfg = Release|Any CPU
		{A58A24D6-2170-4961-B5FB-8F30B1B1B0E8}.Release|Any CPU.Build.0 = Release|Any CPU
	EndGlobalSection
	GlobalSection(SolutionProperties) = preSolution
		HideSolutionNode = FALSE
	EndGlobalSection
	GlobalSection(ExtensibilityGlobals) = postSolution
		SolutionGuid = {C81261A3-70EC-4F42-B5C1-7DBAAAF3EAAE}
	EndGlobalSection
EndGlobal
>>>>>>> Stashed changes
